PODS:
  - Alamofire (4.9.1)
  - AlamofireImage (3.6.0):
    - Alamofire (~> 4.9)
  - ChromaColorPicker (1.7.2)
  - OAuthSwift (1.3.0)
  - Pastel (0.6.0)
  - SwiftyJSON (4.3.0)
  - SwiftyXMLParser (5.3.0)

DEPENDENCIES:
  - Alamofire (~> 4.7)
  - AlamofireImage (~> 3.3)
  - ChromaColorPicker (= 1.7.2)
  - OAuthSwift (~> 1.3.0)
  - Pastel
  - SwiftyJSON (~> 4.0)
  - SwiftyXMLParser (from `https://github.com/yahoojapan/SwiftyXMLParser.git`)

SPEC REPOS:
  trunk:
    - Alamofire
    - AlamofireImage
    - ChromaColorPicker
    - OAuthSwift
    - Pastel
    - SwiftyJSON

EXTERNAL SOURCES:
  SwiftyXMLParser:
    :git: https://github.com/yahoojapan/SwiftyXMLParser.git

CHECKOUT OPTIONS:
  SwiftyXMLParser:
    :commit: b7beef45ecba2df71ac831245f71141ec0efb1fb
    :git: https://github.com/yahoojapan/SwiftyXMLParser.git

SPEC CHECKSUMS:
  Alamofire: 85e8a02c69d6020a0d734f6054870d7ecb75cf18
  AlamofireImage: be9963c6582d68b39e89191f64c82a7d7bf40fdd
  ChromaColorPicker: 78194fbae9f342d3781ac178c4d92c7652197d18
  OAuthSwift: 7ef2f74cb570e1e30e2aeddc58fccc0f3891d057
  Pastel: 814f081efbe2859c37e65ee44f396e6e5be88619
  SwiftyJSON: 6faa0040f8b59dead0ee07436cbf76b73c08fd08
  SwiftyXMLParser: 0985085180f1ee01916cd9b5c1a4f0a8f493c084

PODFILE CHECKSUM: 1728f607061db93fc3c19eaa049515cfa3f2adc6

COCOAPODS: 1.9.3
