// !$*UTF8*$!
{
	archiveVersion = 1;
	classes = {
	};
	objectVersion = 50;
	objects = {

/* Begin PBXBuildFile section */
		06469ED1BBCB8BAC478B8A97 /* Pods_GoodQuotes.framework in Frameworks */ = {isa = PBXBuildFile; fileRef = CA5ADDE2568197FC17FDDDD9 /* Pods_GoodQuotes.framework */; };
		E50ADDC1222B48E20037ACBD /* TextOnlyResultCell.xib in Resources */ = {isa = PBXBuildFile; fileRef = E50ADDC0222B48E20037ACBD /* TextOnlyResultCell.xib */; };
		E50ADDC3222B49B20037ACBD /* TextOnlyResultCell.swift in Sources */ = {isa = PBXBuildFile; fileRef = E50ADDC2222B49B20037ACBD /* TextOnlyResultCell.swift */; };
		E50C0AD922A8762300B2305E /* UIColorExtensions.swift in Sources */ = {isa = PBXBuildFile; fileRef = E50C0AD822A8762300B2305E /* UIColorExtensions.swift */; };
		E52121682124DE620027BCFC /* GoodreadsService.swift in Sources */ = {isa = PBXBuildFile; fileRef = E52121672124DE620027BCFC /* GoodreadsService.swift */; };
		E5279ED7212765D8007BC585 /* BlurButtonView.xib in Resources */ = {isa = PBXBuildFile; fileRef = E5279ED6212765D8007BC585 /* BlurButtonView.xib */; };
		E5279ED9212765F6007BC585 /* BlurButtonView.swift in Sources */ = {isa = PBXBuildFile; fileRef = E5279ED8212765F6007BC585 /* BlurButtonView.swift */; };
		E554D40A211C9E3100F32AF9 /* QuoteService.swift in Sources */ = {isa = PBXBuildFile; fileRef = E554D409211C9E3100F32AF9 /* QuoteService.swift */; };
		E554D40D211CC03A00F32AF9 /* Quote.swift in Sources */ = {isa = PBXBuildFile; fileRef = E554D40C211CC03A00F32AF9 /* Quote.swift */; };
		E554D410211EFBFE00F32AF9 /* PastelHelper.swift in Sources */ = {isa = PBXBuildFile; fileRef = E554D40F211EFBFE00F32AF9 /* PastelHelper.swift */; };
		E554D412211F17C200F32AF9 /* Tags.swift in Sources */ = {isa = PBXBuildFile; fileRef = E554D411211F17C200F32AF9 /* Tags.swift */; };
		E554D415211F33BC00F32AF9 /* FiltersViewController.swift in Sources */ = {isa = PBXBuildFile; fileRef = E554D414211F33BC00F32AF9 /* FiltersViewController.swift */; };
		E554D41C211F377B00F32AF9 /* ShelfCell.swift in Sources */ = {isa = PBXBuildFile; fileRef = E554D41B211F377B00F32AF9 /* ShelfCell.swift */; };
		E554D41E211F426C00F32AF9 /* FilterType.swift in Sources */ = {isa = PBXBuildFile; fileRef = E554D41D211F426C00F32AF9 /* FilterType.swift */; };
		E554D421211F44EB00F32AF9 /* UserDefaultsService.swift in Sources */ = {isa = PBXBuildFile; fileRef = E554D420211F44EB00F32AF9 /* UserDefaultsService.swift */; };
		E554D423211F4BE400F32AF9 /* FilterCell.swift in Sources */ = {isa = PBXBuildFile; fileRef = E554D422211F4BE400F32AF9 /* FilterCell.swift */; };
		E554D427211F9F6F00F32AF9 /* KeyboardHelper.swift in Sources */ = {isa = PBXBuildFile; fileRef = E554D426211F9F6F00F32AF9 /* KeyboardHelper.swift */; };
		E5588E122129A71500A84BEC /* CGPointExtensions.swift in Sources */ = {isa = PBXBuildFile; fileRef = E5588E112129A71500A84BEC /* CGPointExtensions.swift */; };
		E56EBA7321AE264B00A9AF1D /* Secrets.strings in Resources */ = {isa = PBXBuildFile; fileRef = E56EBA7221AE264B00A9AF1D /* Secrets.strings */; };
		E57D4A5222A5D07C007B93F1 /* Colours.xcassets in Resources */ = {isa = PBXBuildFile; fileRef = E57D4A5122A5D07C007B93F1 /* Colours.xcassets */; };
		E57D4A5422A5D4E4007B93F1 /* ColourSelectionViewController.swift in Sources */ = {isa = PBXBuildFile; fileRef = E57D4A5322A5D4E4007B93F1 /* ColourSelectionViewController.swift */; };
		E57D4A5622A5D6DF007B93F1 /* GradientCell.swift in Sources */ = {isa = PBXBuildFile; fileRef = E57D4A5522A5D6DF007B93F1 /* GradientCell.swift */; };
		E57D4A5822A5D99E007B93F1 /* GradientsService.swift in Sources */ = {isa = PBXBuildFile; fileRef = E57D4A5722A5D99E007B93F1 /* GradientsService.swift */; };
		E5818A052126C6610099BEAF /* Book.swift in Sources */ = {isa = PBXBuildFile; fileRef = E5818A042126C6610099BEAF /* Book.swift */; };
		E5818A072126C9DC0099BEAF /* Author.swift in Sources */ = {isa = PBXBuildFile; fileRef = E5818A062126C9DC0099BEAF /* Author.swift */; };
		E58394C6213AF0E800AC78DE /* ReviewRequestService.swift in Sources */ = {isa = PBXBuildFile; fileRef = E58394C5213AF0E800AC78DE /* ReviewRequestService.swift */; };
		E59965402229DAEA00BAA33C /* BookSearchBox.swift in Sources */ = {isa = PBXBuildFile; fileRef = E599653F2229DAEA00BAA33C /* BookSearchBox.swift */; };
		E5996542222A0A2200BAA33C /* BookSearchResultCell.xib in Resources */ = {isa = PBXBuildFile; fileRef = E5996541222A0A2200BAA33C /* BookSearchResultCell.xib */; };
		E5996544222A0B3000BAA33C /* BookSearchResultCell.swift in Sources */ = {isa = PBXBuildFile; fileRef = E5996543222A0B3000BAA33C /* BookSearchResultCell.swift */; };
		E5996546222A0E8800BAA33C /* UIImageViewExtensions.swift in Sources */ = {isa = PBXBuildFile; fileRef = E5996545222A0E8800BAA33C /* UIImageViewExtensions.swift */; };
		E5B02E5B212719DD00436517 /* ShelvesSelectionViewController.swift in Sources */ = {isa = PBXBuildFile; fileRef = E5B02E5A212719DD00436517 /* ShelvesSelectionViewController.swift */; };
		E5B195C9212B14E700A9901C /* UIViewExtensions.swift in Sources */ = {isa = PBXBuildFile; fileRef = E5B195C8212B14E700A9901C /* UIViewExtensions.swift */; };
		E5B195CB212B42A800A9901C /* LoginState.swift in Sources */ = {isa = PBXBuildFile; fileRef = E5B195CA212B42A800A9901C /* LoginState.swift */; };
		E5B195CD212CA49100A9901C /* StringExtensions.swift in Sources */ = {isa = PBXBuildFile; fileRef = E5B195CC212CA49100A9901C /* StringExtensions.swift */; };
		E5C5CCA2211C8E5D0010ACB0 /* AppDelegate.swift in Sources */ = {isa = PBXBuildFile; fileRef = E5C5CCA1211C8E5D0010ACB0 /* AppDelegate.swift */; };
		E5C5CCA4211C8E5D0010ACB0 /* MainViewController.swift in Sources */ = {isa = PBXBuildFile; fileRef = E5C5CCA3211C8E5D0010ACB0 /* MainViewController.swift */; };
		E5C5CCA7211C8E5D0010ACB0 /* Main.storyboard in Resources */ = {isa = PBXBuildFile; fileRef = E5C5CCA5211C8E5D0010ACB0 /* Main.storyboard */; };
		E5C5CCA9211C8E600010ACB0 /* Assets.xcassets in Resources */ = {isa = PBXBuildFile; fileRef = E5C5CCA8211C8E600010ACB0 /* Assets.xcassets */; };
		E5C5CCAC211C8E600010ACB0 /* LaunchScreen.storyboard in Resources */ = {isa = PBXBuildFile; fileRef = E5C5CCAA211C8E600010ACB0 /* LaunchScreen.storyboard */; };
		E5C5CCB7211C8E600010ACB0 /* GoodQuotesTests.swift in Sources */ = {isa = PBXBuildFile; fileRef = E5C5CCB6211C8E600010ACB0 /* GoodQuotesTests.swift */; };
		E5CCE0C022A6FB8F00886885 /* GradientView.swift in Sources */ = {isa = PBXBuildFile; fileRef = E5CCE0BF22A6FB8F00886885 /* GradientView.swift */; };
		E5CFE69224A7E54700D5A554 /* BookSelectionShelfListViewController.swift in Sources */ = {isa = PBXBuildFile; fileRef = E5CFE69124A7E54700D5A554 /* BookSelectionShelfListViewController.swift */; };
		E5CFE69424A7EED500D5A554 /* BookSelectionViewController.swift in Sources */ = {isa = PBXBuildFile; fileRef = E5CFE69324A7EED500D5A554 /* BookSelectionViewController.swift */; };
		E5E0592C222BFCA900DF74EC /* FeedbackViewController.swift in Sources */ = {isa = PBXBuildFile; fileRef = E5E0592B222BFCA900DF74EC /* FeedbackViewController.swift */; };
		E5E525F22126060500EF1E1B /* UserCredentials.swift in Sources */ = {isa = PBXBuildFile; fileRef = E5E525F12126060500EF1E1B /* UserCredentials.swift */; };
		E5E525F42126065400EF1E1B /* KeychainError.swift in Sources */ = {isa = PBXBuildFile; fileRef = E5E525F32126065400EF1E1B /* KeychainError.swift */; };
		E5E525FA2126260600EF1E1B /* KeychainPasswordItem.swift in Sources */ = {isa = PBXBuildFile; fileRef = E5E525F92126260600EF1E1B /* KeychainPasswordItem.swift */; };
		E5E525FC21262D2200EF1E1B /* AuthStorageService.swift in Sources */ = {isa = PBXBuildFile; fileRef = E5E525FB21262D2200EF1E1B /* AuthStorageService.swift */; };
		E5E525FE2126374500EF1E1B /* Shelf.swift in Sources */ = {isa = PBXBuildFile; fileRef = E5E525FD2126374500EF1E1B /* Shelf.swift */; };
/* End PBXBuildFile section */

/* Begin PBXContainerItemProxy section */
		E5C5CCB3211C8E600010ACB0 /* PBXContainerItemProxy */ = {
			isa = PBXContainerItemProxy;
			containerPortal = E5C5CC96211C8E5D0010ACB0 /* Project object */;
			proxyType = 1;
			remoteGlobalIDString = E5C5CC9D211C8E5D0010ACB0;
			remoteInfo = GoodQuotes;
		};
/* End PBXContainerItemProxy section */

/* Begin PBXFileReference section */
		20B20ECBD04CA8B77E56FE71 /* Pods-GoodQuotes.release.xcconfig */ = {isa = PBXFileReference; includeInIndex = 1; lastKnownFileType = text.xcconfig; name = "Pods-GoodQuotes.release.xcconfig"; path = "Pods/Target Support Files/Pods-GoodQuotes/Pods-GoodQuotes.release.xcconfig"; sourceTree = "<group>"; };
		AC0E28153F7504ED9B61A988 /* Pods-GoodQuotes.debug.xcconfig */ = {isa = PBXFileReference; includeInIndex = 1; lastKnownFileType = text.xcconfig; name = "Pods-GoodQuotes.debug.xcconfig"; path = "Pods/Target Support Files/Pods-GoodQuotes/Pods-GoodQuotes.debug.xcconfig"; sourceTree = "<group>"; };
		CA5ADDE2568197FC17FDDDD9 /* Pods_GoodQuotes.framework */ = {isa = PBXFileReference; explicitFileType = wrapper.framework; includeInIndex = 0; path = Pods_GoodQuotes.framework; sourceTree = BUILT_PRODUCTS_DIR; };
		E50ADDC0222B48E20037ACBD /* TextOnlyResultCell.xib */ = {isa = PBXFileReference; lastKnownFileType = file.xib; path = TextOnlyResultCell.xib; sourceTree = "<group>"; };
		E50ADDC2222B49B20037ACBD /* TextOnlyResultCell.swift */ = {isa = PBXFileReference; lastKnownFileType = sourcecode.swift; path = TextOnlyResultCell.swift; sourceTree = "<group>"; };
		E50C0AD822A8762300B2305E /* UIColorExtensions.swift */ = {isa = PBXFileReference; lastKnownFileType = sourcecode.swift; path = UIColorExtensions.swift; sourceTree = "<group>"; };
		E52121672124DE620027BCFC /* GoodreadsService.swift */ = {isa = PBXFileReference; lastKnownFileType = sourcecode.swift; path = GoodreadsService.swift; sourceTree = "<group>"; };
		E5279ED6212765D8007BC585 /* BlurButtonView.xib */ = {isa = PBXFileReference; lastKnownFileType = file.xib; path = BlurButtonView.xib; sourceTree = "<group>"; };
		E5279ED8212765F6007BC585 /* BlurButtonView.swift */ = {isa = PBXFileReference; lastKnownFileType = sourcecode.swift; path = BlurButtonView.swift; sourceTree = "<group>"; };
		E554D409211C9E3100F32AF9 /* QuoteService.swift */ = {isa = PBXFileReference; lastKnownFileType = sourcecode.swift; path = QuoteService.swift; sourceTree = "<group>"; };
		E554D40C211CC03A00F32AF9 /* Quote.swift */ = {isa = PBXFileReference; lastKnownFileType = sourcecode.swift; path = Quote.swift; sourceTree = "<group>"; };
		E554D40F211EFBFE00F32AF9 /* PastelHelper.swift */ = {isa = PBXFileReference; lastKnownFileType = sourcecode.swift; path = PastelHelper.swift; sourceTree = "<group>"; };
		E554D411211F17C200F32AF9 /* Tags.swift */ = {isa = PBXFileReference; lastKnownFileType = sourcecode.swift; path = Tags.swift; sourceTree = "<group>"; };
		E554D414211F33BC00F32AF9 /* FiltersViewController.swift */ = {isa = PBXFileReference; lastKnownFileType = sourcecode.swift; path = FiltersViewController.swift; sourceTree = "<group>"; };
		E554D41B211F377B00F32AF9 /* ShelfCell.swift */ = {isa = PBXFileReference; lastKnownFileType = sourcecode.swift; path = ShelfCell.swift; sourceTree = "<group>"; };
		E554D41D211F426C00F32AF9 /* FilterType.swift */ = {isa = PBXFileReference; lastKnownFileType = sourcecode.swift; path = FilterType.swift; sourceTree = "<group>"; };
		E554D420211F44EB00F32AF9 /* UserDefaultsService.swift */ = {isa = PBXFileReference; lastKnownFileType = sourcecode.swift; path = UserDefaultsService.swift; sourceTree = "<group>"; };
		E554D422211F4BE400F32AF9 /* FilterCell.swift */ = {isa = PBXFileReference; lastKnownFileType = sourcecode.swift; path = FilterCell.swift; sourceTree = "<group>"; };
		E554D426211F9F6F00F32AF9 /* KeyboardHelper.swift */ = {isa = PBXFileReference; lastKnownFileType = sourcecode.swift; path = KeyboardHelper.swift; sourceTree = "<group>"; };
		E5588E112129A71500A84BEC /* CGPointExtensions.swift */ = {isa = PBXFileReference; lastKnownFileType = sourcecode.swift; path = CGPointExtensions.swift; sourceTree = "<group>"; };
		E56EBA7221AE264B00A9AF1D /* Secrets.strings */ = {isa = PBXFileReference; lastKnownFileType = text.plist.strings; path = Secrets.strings; sourceTree = "<group>"; };
		E57D4A5122A5D07C007B93F1 /* Colours.xcassets */ = {isa = PBXFileReference; lastKnownFileType = folder.assetcatalog; path = Colours.xcassets; sourceTree = "<group>"; };
		E57D4A5322A5D4E4007B93F1 /* ColourSelectionViewController.swift */ = {isa = PBXFileReference; lastKnownFileType = sourcecode.swift; path = ColourSelectionViewController.swift; sourceTree = "<group>"; };
		E57D4A5522A5D6DF007B93F1 /* GradientCell.swift */ = {isa = PBXFileReference; lastKnownFileType = sourcecode.swift; path = GradientCell.swift; sourceTree = "<group>"; };
		E57D4A5722A5D99E007B93F1 /* GradientsService.swift */ = {isa = PBXFileReference; lastKnownFileType = sourcecode.swift; path = GradientsService.swift; sourceTree = "<group>"; };
		E5818A042126C6610099BEAF /* Book.swift */ = {isa = PBXFileReference; lastKnownFileType = sourcecode.swift; path = Book.swift; sourceTree = "<group>"; };
		E5818A062126C9DC0099BEAF /* Author.swift */ = {isa = PBXFileReference; lastKnownFileType = sourcecode.swift; path = Author.swift; sourceTree = "<group>"; };
		E58394C5213AF0E800AC78DE /* ReviewRequestService.swift */ = {isa = PBXFileReference; lastKnownFileType = sourcecode.swift; path = ReviewRequestService.swift; sourceTree = "<group>"; };
		E599653F2229DAEA00BAA33C /* BookSearchBox.swift */ = {isa = PBXFileReference; lastKnownFileType = sourcecode.swift; path = BookSearchBox.swift; sourceTree = "<group>"; };
		E5996541222A0A2200BAA33C /* BookSearchResultCell.xib */ = {isa = PBXFileReference; lastKnownFileType = file.xib; path = BookSearchResultCell.xib; sourceTree = "<group>"; };
		E5996543222A0B3000BAA33C /* BookSearchResultCell.swift */ = {isa = PBXFileReference; lastKnownFileType = sourcecode.swift; path = BookSearchResultCell.swift; sourceTree = "<group>"; };
		E5996545222A0E8800BAA33C /* UIImageViewExtensions.swift */ = {isa = PBXFileReference; lastKnownFileType = sourcecode.swift; path = UIImageViewExtensions.swift; sourceTree = "<group>"; };
		E5B02E5A212719DD00436517 /* ShelvesSelectionViewController.swift */ = {isa = PBXFileReference; lastKnownFileType = sourcecode.swift; path = ShelvesSelectionViewController.swift; sourceTree = "<group>"; };
		E5B195C8212B14E700A9901C /* UIViewExtensions.swift */ = {isa = PBXFileReference; lastKnownFileType = sourcecode.swift; path = UIViewExtensions.swift; sourceTree = "<group>"; };
		E5B195CA212B42A800A9901C /* LoginState.swift */ = {isa = PBXFileReference; lastKnownFileType = sourcecode.swift; path = LoginState.swift; sourceTree = "<group>"; };
		E5B195CC212CA49100A9901C /* StringExtensions.swift */ = {isa = PBXFileReference; lastKnownFileType = sourcecode.swift; path = StringExtensions.swift; sourceTree = "<group>"; };
		E5C5CC9E211C8E5D0010ACB0 /* GoodQuotes.app */ = {isa = PBXFileReference; explicitFileType = wrapper.application; includeInIndex = 0; path = GoodQuotes.app; sourceTree = BUILT_PRODUCTS_DIR; };
		E5C5CCA1211C8E5D0010ACB0 /* AppDelegate.swift */ = {isa = PBXFileReference; lastKnownFileType = sourcecode.swift; path = AppDelegate.swift; sourceTree = "<group>"; };
		E5C5CCA3211C8E5D0010ACB0 /* MainViewController.swift */ = {isa = PBXFileReference; lastKnownFileType = sourcecode.swift; path = MainViewController.swift; sourceTree = "<group>"; };
		E5C5CCA6211C8E5D0010ACB0 /* Base */ = {isa = PBXFileReference; lastKnownFileType = file.storyboard; name = Base; path = Base.lproj/Main.storyboard; sourceTree = "<group>"; };
		E5C5CCA8211C8E600010ACB0 /* Assets.xcassets */ = {isa = PBXFileReference; lastKnownFileType = folder.assetcatalog; path = Assets.xcassets; sourceTree = "<group>"; };
		E5C5CCAB211C8E600010ACB0 /* Base */ = {isa = PBXFileReference; lastKnownFileType = file.storyboard; name = Base; path = Base.lproj/LaunchScreen.storyboard; sourceTree = "<group>"; };
		E5C5CCAD211C8E600010ACB0 /* Info.plist */ = {isa = PBXFileReference; lastKnownFileType = text.plist.xml; path = Info.plist; sourceTree = "<group>"; };
		E5C5CCB2211C8E600010ACB0 /* GoodQuotesTests.xctest */ = {isa = PBXFileReference; explicitFileType = wrapper.cfbundle; includeInIndex = 0; path = GoodQuotesTests.xctest; sourceTree = BUILT_PRODUCTS_DIR; };
		E5C5CCB6211C8E600010ACB0 /* GoodQuotesTests.swift */ = {isa = PBXFileReference; lastKnownFileType = sourcecode.swift; path = GoodQuotesTests.swift; sourceTree = "<group>"; };
		E5C5CCB8211C8E600010ACB0 /* Info.plist */ = {isa = PBXFileReference; lastKnownFileType = text.plist.xml; path = Info.plist; sourceTree = "<group>"; };
		E5CCE0BF22A6FB8F00886885 /* GradientView.swift */ = {isa = PBXFileReference; lastKnownFileType = sourcecode.swift; path = GradientView.swift; sourceTree = "<group>"; };
		E5CFE69124A7E54700D5A554 /* BookSelectionShelfListViewController.swift */ = {isa = PBXFileReference; lastKnownFileType = sourcecode.swift; path = BookSelectionShelfListViewController.swift; sourceTree = "<group>"; };
		E5CFE69324A7EED500D5A554 /* BookSelectionViewController.swift */ = {isa = PBXFileReference; lastKnownFileType = sourcecode.swift; path = BookSelectionViewController.swift; sourceTree = "<group>"; };
		E5E0592B222BFCA900DF74EC /* FeedbackViewController.swift */ = {isa = PBXFileReference; lastKnownFileType = sourcecode.swift; path = FeedbackViewController.swift; sourceTree = "<group>"; };
		E5E525F12126060500EF1E1B /* UserCredentials.swift */ = {isa = PBXFileReference; lastKnownFileType = sourcecode.swift; path = UserCredentials.swift; sourceTree = "<group>"; };
		E5E525F32126065400EF1E1B /* KeychainError.swift */ = {isa = PBXFileReference; lastKnownFileType = sourcecode.swift; path = KeychainError.swift; sourceTree = "<group>"; };
		E5E525F92126260600EF1E1B /* KeychainPasswordItem.swift */ = {isa = PBXFileReference; lastKnownFileType = sourcecode.swift; path = KeychainPasswordItem.swift; sourceTree = "<group>"; };
		E5E525FB21262D2200EF1E1B /* AuthStorageService.swift */ = {isa = PBXFileReference; lastKnownFileType = sourcecode.swift; path = AuthStorageService.swift; sourceTree = "<group>"; };
		E5E525FD2126374500EF1E1B /* Shelf.swift */ = {isa = PBXFileReference; lastKnownFileType = sourcecode.swift; path = Shelf.swift; sourceTree = "<group>"; };
/* End PBXFileReference section */

/* Begin PBXFrameworksBuildPhase section */
		E5C5CC9B211C8E5D0010ACB0 /* Frameworks */ = {
			isa = PBXFrameworksBuildPhase;
			buildActionMask = 2147483647;
			files = (
				06469ED1BBCB8BAC478B8A97 /* Pods_GoodQuotes.framework in Frameworks */,
			);
			runOnlyForDeploymentPostprocessing = 0;
		};
		E5C5CCAF211C8E600010ACB0 /* Frameworks */ = {
			isa = PBXFrameworksBuildPhase;
			buildActionMask = 2147483647;
			files = (
			);
			runOnlyForDeploymentPostprocessing = 0;
		};
/* End PBXFrameworksBuildPhase section */

/* Begin PBXGroup section */
		6571DB88678E0E534CAB06DC /* Pods */ = {
			isa = PBXGroup;
			children = (
				AC0E28153F7504ED9B61A988 /* Pods-GoodQuotes.debug.xcconfig */,
				20B20ECBD04CA8B77E56FE71 /* Pods-GoodQuotes.release.xcconfig */,
			);
			name = Pods;
			sourceTree = "<group>";
		};
		8B8A0105C4260B67664C8A74 /* Frameworks */ = {
			isa = PBXGroup;
			children = (
				CA5ADDE2568197FC17FDDDD9 /* Pods_GoodQuotes.framework */,
			);
			name = Frameworks;
			sourceTree = "<group>";
		};
		E5279ED421276402007BC585 /* CustomViews */ = {
			isa = PBXGroup;
			children = (
				E599653E2229D92E00BAA33C /* BookSearchBox */,
				E5279ED521276412007BC585 /* BlurButton */,
				E5CCE0BF22A6FB8F00886885 /* GradientView.swift */,
			);
			path = CustomViews;
			sourceTree = "<group>";
		};
		E5279ED521276412007BC585 /* BlurButton */ = {
			isa = PBXGroup;
			children = (
				E5279ED6212765D8007BC585 /* BlurButtonView.xib */,
				E5279ED8212765F6007BC585 /* BlurButtonView.swift */,
			);
			path = BlurButton;
			sourceTree = "<group>";
		};
		E554D408211C9D2B00F32AF9 /* Services */ = {
			isa = PBXGroup;
			children = (
				E5E525F92126260600EF1E1B /* KeychainPasswordItem.swift */,
				E554D409211C9E3100F32AF9 /* QuoteService.swift */,
				E554D420211F44EB00F32AF9 /* UserDefaultsService.swift */,
				E52121672124DE620027BCFC /* GoodreadsService.swift */,
				E5E525FB21262D2200EF1E1B /* AuthStorageService.swift */,
				E58394C5213AF0E800AC78DE /* ReviewRequestService.swift */,
				E57D4A5722A5D99E007B93F1 /* GradientsService.swift */,
			);
			path = Services;
			sourceTree = "<group>";
		};
		E554D40B211CC02A00F32AF9 /* Models */ = {
			isa = PBXGroup;
			children = (
				E554D40C211CC03A00F32AF9 /* Quote.swift */,
				E5E525F12126060500EF1E1B /* UserCredentials.swift */,
				E5E525F32126065400EF1E1B /* KeychainError.swift */,
				E5E525FD2126374500EF1E1B /* Shelf.swift */,
				E5818A042126C6610099BEAF /* Book.swift */,
				E5818A062126C9DC0099BEAF /* Author.swift */,
			);
			path = Models;
			sourceTree = "<group>";
		};
		E554D40E211EFBEC00F32AF9 /* Helpers */ = {
			isa = PBXGroup;
			children = (
				E554D40F211EFBFE00F32AF9 /* PastelHelper.swift */,
				E554D426211F9F6F00F32AF9 /* KeyboardHelper.swift */,
				E5588E112129A71500A84BEC /* CGPointExtensions.swift */,
				E5B195C8212B14E700A9901C /* UIViewExtensions.swift */,
				E5B195CC212CA49100A9901C /* StringExtensions.swift */,
				E5996545222A0E8800BAA33C /* UIImageViewExtensions.swift */,
				E50C0AD822A8762300B2305E /* UIColorExtensions.swift */,
			);
			path = Helpers;
			sourceTree = "<group>";
		};
		E554D413211F336A00F32AF9 /* ViewControllers */ = {
			isa = PBXGroup;
			children = (
				E5C5CCA3211C8E5D0010ACB0 /* MainViewController.swift */,
				E554D414211F33BC00F32AF9 /* FiltersViewController.swift */,
				E5B02E5A212719DD00436517 /* ShelvesSelectionViewController.swift */,
				E5E0592B222BFCA900DF74EC /* FeedbackViewController.swift */,
				E57D4A5322A5D4E4007B93F1 /* ColourSelectionViewController.swift */,
				E57D4A5522A5D6DF007B93F1 /* GradientCell.swift */,
				E5CFE69124A7E54700D5A554 /* BookSelectionShelfListViewController.swift */,
				E5CFE69324A7EED500D5A554 /* BookSelectionViewController.swift */,
			);
			path = ViewControllers;
			sourceTree = "<group>";
		};
		E554D41A211F376900F32AF9 /* Cells */ = {
			isa = PBXGroup;
			children = (
				E554D41B211F377B00F32AF9 /* ShelfCell.swift */,
				E554D422211F4BE400F32AF9 /* FilterCell.swift */,
			);
			path = Cells;
			sourceTree = "<group>";
		};
		E554D41F211F426F00F32AF9 /* Enums */ = {
			isa = PBXGroup;
			children = (
				E554D411211F17C200F32AF9 /* Tags.swift */,
				E554D41D211F426C00F32AF9 /* FilterType.swift */,
				E5B195CA212B42A800A9901C /* LoginState.swift */,
			);
			path = Enums;
			sourceTree = "<group>";
		};
		E599653E2229D92E00BAA33C /* BookSearchBox */ = {
			isa = PBXGroup;
			children = (
				E599653F2229DAEA00BAA33C /* BookSearchBox.swift */,
				E5996543222A0B3000BAA33C /* BookSearchResultCell.swift */,
				E5996541222A0A2200BAA33C /* BookSearchResultCell.xib */,
				E50ADDC0222B48E20037ACBD /* TextOnlyResultCell.xib */,
				E50ADDC2222B49B20037ACBD /* TextOnlyResultCell.swift */,
			);
			path = BookSearchBox;
			sourceTree = "<group>";
		};
		E5C5CC95211C8E5D0010ACB0 = {
			isa = PBXGroup;
			children = (
				E5C5CCA0211C8E5D0010ACB0 /* GoodQuotes */,
				E5C5CCB5211C8E600010ACB0 /* GoodQuotesTests */,
				E5C5CC9F211C8E5D0010ACB0 /* Products */,
				6571DB88678E0E534CAB06DC /* Pods */,
				8B8A0105C4260B67664C8A74 /* Frameworks */,
			);
			sourceTree = "<group>";
		};
		E5C5CC9F211C8E5D0010ACB0 /* Products */ = {
			isa = PBXGroup;
			children = (
				E5C5CC9E211C8E5D0010ACB0 /* GoodQuotes.app */,
				E5C5CCB2211C8E600010ACB0 /* GoodQuotesTests.xctest */,
			);
			name = Products;
			sourceTree = "<group>";
		};
		E5C5CCA0211C8E5D0010ACB0 /* GoodQuotes */ = {
			isa = PBXGroup;
			children = (
				E5279ED421276402007BC585 /* CustomViews */,
				E554D41F211F426F00F32AF9 /* Enums */,
				E554D41A211F376900F32AF9 /* Cells */,
				E554D413211F336A00F32AF9 /* ViewControllers */,
				E554D40E211EFBEC00F32AF9 /* Helpers */,
				E554D40B211CC02A00F32AF9 /* Models */,
				E554D408211C9D2B00F32AF9 /* Services */,
				E5C5CCA1211C8E5D0010ACB0 /* AppDelegate.swift */,
				E5C5CCA5211C8E5D0010ACB0 /* Main.storyboard */,
				E5C5CCA8211C8E600010ACB0 /* Assets.xcassets */,
				E5C5CCAA211C8E600010ACB0 /* LaunchScreen.storyboard */,
				E5C5CCAD211C8E600010ACB0 /* Info.plist */,
				E56EBA7221AE264B00A9AF1D /* Secrets.strings */,
				E57D4A5122A5D07C007B93F1 /* Colours.xcassets */,
			);
			path = GoodQuotes;
			sourceTree = "<group>";
		};
		E5C5CCB5211C8E600010ACB0 /* GoodQuotesTests */ = {
			isa = PBXGroup;
			children = (
				E5C5CCB6211C8E600010ACB0 /* GoodQuotesTests.swift */,
				E5C5CCB8211C8E600010ACB0 /* Info.plist */,
			);
			path = GoodQuotesTests;
			sourceTree = "<group>";
		};
/* End PBXGroup section */

/* Begin PBXNativeTarget section */
		E5C5CC9D211C8E5D0010ACB0 /* GoodQuotes */ = {
			isa = PBXNativeTarget;
			buildConfigurationList = E5C5CCBB211C8E600010ACB0 /* Build configuration list for PBXNativeTarget "GoodQuotes" */;
			buildPhases = (
				5022527FA90FA83EB4664A40 /* [CP] Check Pods Manifest.lock */,
				E5C5CC9A211C8E5D0010ACB0 /* Sources */,
				E5C5CC9B211C8E5D0010ACB0 /* Frameworks */,
				E5C5CC9C211C8E5D0010ACB0 /* Resources */,
				45DCFBC0AC8F613AAB8F6D9A /* [CP] Embed Pods Frameworks */,
			);
			buildRules = (
			);
			dependencies = (
			);
			name = GoodQuotes;
			productName = GoodQuotes;
			productReference = E5C5CC9E211C8E5D0010ACB0 /* GoodQuotes.app */;
			productType = "com.apple.product-type.application";
		};
		E5C5CCB1211C8E600010ACB0 /* GoodQuotesTests */ = {
			isa = PBXNativeTarget;
			buildConfigurationList = E5C5CCBE211C8E600010ACB0 /* Build configuration list for PBXNativeTarget "GoodQuotesTests" */;
			buildPhases = (
				E5C5CCAE211C8E600010ACB0 /* Sources */,
				E5C5CCAF211C8E600010ACB0 /* Frameworks */,
				E5C5CCB0211C8E600010ACB0 /* Resources */,
			);
			buildRules = (
			);
			dependencies = (
				E5C5CCB4211C8E600010ACB0 /* PBXTargetDependency */,
			);
			name = GoodQuotesTests;
			productName = GoodQuotesTests;
			productReference = E5C5CCB2211C8E600010ACB0 /* GoodQuotesTests.xctest */;
			productType = "com.apple.product-type.bundle.unit-test";
		};
/* End PBXNativeTarget section */

/* Begin PBXProject section */
		E5C5CC96211C8E5D0010ACB0 /* Project object */ = {
			isa = PBXProject;
			attributes = {
				LastSwiftUpdateCheck = 0940;
				LastUpgradeCheck = 0940;
				ORGANIZATIONNAME = Protome;
				TargetAttributes = {
					E5C5CC9D211C8E5D0010ACB0 = {
						CreatedOnToolsVersion = 9.4.1;
						LastSwiftMigration = 1020;
					};
					E5C5CCB1211C8E600010ACB0 = {
						CreatedOnToolsVersion = 9.4.1;
						LastSwiftMigration = 1020;
						TestTargetID = E5C5CC9D211C8E5D0010ACB0;
					};
				};
			};
			buildConfigurationList = E5C5CC99211C8E5D0010ACB0 /* Build configuration list for PBXProject "GoodQuotes" */;
			compatibilityVersion = "Xcode 9.3";
			developmentRegion = en;
			hasScannedForEncodings = 0;
			knownRegions = (
				en,
				Base,
			);
			mainGroup = E5C5CC95211C8E5D0010ACB0;
			productRefGroup = E5C5CC9F211C8E5D0010ACB0 /* Products */;
			projectDirPath = "";
			projectRoot = "";
			targets = (
				E5C5CC9D211C8E5D0010ACB0 /* GoodQuotes */,
				E5C5CCB1211C8E600010ACB0 /* GoodQuotesTests */,
			);
		};
/* End PBXProject section */

/* Begin PBXResourcesBuildPhase section */
		E5C5CC9C211C8E5D0010ACB0 /* Resources */ = {
			isa = PBXResourcesBuildPhase;
			buildActionMask = 2147483647;
			files = (
				E5C5CCAC211C8E600010ACB0 /* LaunchScreen.storyboard in Resources */,
				E50ADDC1222B48E20037ACBD /* TextOnlyResultCell.xib in Resources */,
				E5C5CCA9211C8E600010ACB0 /* Assets.xcassets in Resources */,
				E57D4A5222A5D07C007B93F1 /* Colours.xcassets in Resources */,
				E56EBA7321AE264B00A9AF1D /* Secrets.strings in Resources */,
				E5279ED7212765D8007BC585 /* BlurButtonView.xib in Resources */,
				E5C5CCA7211C8E5D0010ACB0 /* Main.storyboard in Resources */,
				E5996542222A0A2200BAA33C /* BookSearchResultCell.xib in Resources */,
			);
			runOnlyForDeploymentPostprocessing = 0;
		};
		E5C5CCB0211C8E600010ACB0 /* Resources */ = {
			isa = PBXResourcesBuildPhase;
			buildActionMask = 2147483647;
			files = (
			);
			runOnlyForDeploymentPostprocessing = 0;
		};
/* End PBXResourcesBuildPhase section */

/* Begin PBXShellScriptBuildPhase section */
		45DCFBC0AC8F613AAB8F6D9A /* [CP] Embed Pods Frameworks */ = {
			isa = PBXShellScriptBuildPhase;
			buildActionMask = 2147483647;
			files = (
			);
			inputPaths = (
				"${PODS_ROOT}/Target Support Files/Pods-GoodQuotes/Pods-GoodQuotes-frameworks.sh",
				"${BUILT_PRODUCTS_DIR}/Alamofire/Alamofire.framework",
				"${BUILT_PRODUCTS_DIR}/AlamofireImage/AlamofireImage.framework",
				"${BUILT_PRODUCTS_DIR}/ChromaColorPicker/ChromaColorPicker.framework",
				"${BUILT_PRODUCTS_DIR}/OAuthSwift/OAuthSwift.framework",
				"${BUILT_PRODUCTS_DIR}/Pastel/Pastel.framework",
				"${BUILT_PRODUCTS_DIR}/SwiftyJSON/SwiftyJSON.framework",
				"${BUILT_PRODUCTS_DIR}/SwiftyXMLParser/SwiftyXMLParser.framework",
			);
			name = "[CP] Embed Pods Frameworks";
			outputPaths = (
				"${TARGET_BUILD_DIR}/${FRAMEWORKS_FOLDER_PATH}/Alamofire.framework",
				"${TARGET_BUILD_DIR}/${FRAMEWORKS_FOLDER_PATH}/AlamofireImage.framework",
				"${TARGET_BUILD_DIR}/${FRAMEWORKS_FOLDER_PATH}/ChromaColorPicker.framework",
				"${TARGET_BUILD_DIR}/${FRAMEWORKS_FOLDER_PATH}/OAuthSwift.framework",
				"${TARGET_BUILD_DIR}/${FRAMEWORKS_FOLDER_PATH}/Pastel.framework",
				"${TARGET_BUILD_DIR}/${FRAMEWORKS_FOLDER_PATH}/SwiftyJSON.framework",
				"${TARGET_BUILD_DIR}/${FRAMEWORKS_FOLDER_PATH}/SwiftyXMLParser.framework",
			);
			runOnlyForDeploymentPostprocessing = 0;
			shellPath = /bin/sh;
			shellScript = "\"${PODS_ROOT}/Target Support Files/Pods-GoodQuotes/Pods-GoodQuotes-frameworks.sh\"\n";
			showEnvVarsInLog = 0;
		};
		5022527FA90FA83EB4664A40 /* [CP] Check Pods Manifest.lock */ = {
			isa = PBXShellScriptBuildPhase;
			buildActionMask = 2147483647;
			files = (
			);
			inputPaths = (
				"${PODS_PODFILE_DIR_PATH}/Podfile.lock",
				"${PODS_ROOT}/Manifest.lock",
			);
			name = "[CP] Check Pods Manifest.lock";
			outputPaths = (
				"$(DERIVED_FILE_DIR)/Pods-GoodQuotes-checkManifestLockResult.txt",
			);
			runOnlyForDeploymentPostprocessing = 0;
			shellPath = /bin/sh;
			shellScript = "diff \"${PODS_PODFILE_DIR_PATH}/Podfile.lock\" \"${PODS_ROOT}/Manifest.lock\" > /dev/null\nif [ $? != 0 ] ; then\n    # print error to STDERR\n    echo \"error: The sandbox is not in sync with the Podfile.lock. Run 'pod install' or update your CocoaPods installation.\" >&2\n    exit 1\nfi\n# This output is used by Xcode 'outputs' to avoid re-running this script phase.\necho \"SUCCESS\" > \"${SCRIPT_OUTPUT_FILE_0}\"\n";
			showEnvVarsInLog = 0;
		};
/* End PBXShellScriptBuildPhase section */

/* Begin PBXSourcesBuildPhase section */
		E5C5CC9A211C8E5D0010ACB0 /* Sources */ = {
			isa = PBXSourcesBuildPhase;
			buildActionMask = 2147483647;
			files = (
				E5B02E5B212719DD00436517 /* ShelvesSelectionViewController.swift in Sources */,
				E5996546222A0E8800BAA33C /* UIImageViewExtensions.swift in Sources */,
				E5CFE69224A7E54700D5A554 /* BookSelectionShelfListViewController.swift in Sources */,
				E5588E122129A71500A84BEC /* CGPointExtensions.swift in Sources */,
				E57D4A5822A5D99E007B93F1 /* GradientsService.swift in Sources */,
				E58394C6213AF0E800AC78DE /* ReviewRequestService.swift in Sources */,
				E5818A052126C6610099BEAF /* Book.swift in Sources */,
				E5279ED9212765F6007BC585 /* BlurButtonView.swift in Sources */,
				E5E525FE2126374500EF1E1B /* Shelf.swift in Sources */,
				E554D40D211CC03A00F32AF9 /* Quote.swift in Sources */,
				E554D427211F9F6F00F32AF9 /* KeyboardHelper.swift in Sources */,
				E554D423211F4BE400F32AF9 /* FilterCell.swift in Sources */,
				E554D421211F44EB00F32AF9 /* UserDefaultsService.swift in Sources */,
				E57D4A5622A5D6DF007B93F1 /* GradientCell.swift in Sources */,
				E5B195CB212B42A800A9901C /* LoginState.swift in Sources */,
				E52121682124DE620027BCFC /* GoodreadsService.swift in Sources */,
				E5CCE0C022A6FB8F00886885 /* GradientView.swift in Sources */,
				E5E0592C222BFCA900DF74EC /* FeedbackViewController.swift in Sources */,
				E5C5CCA4211C8E5D0010ACB0 /* MainViewController.swift in Sources */,
				E5CFE69424A7EED500D5A554 /* BookSelectionViewController.swift in Sources */,
				E5E525FC21262D2200EF1E1B /* AuthStorageService.swift in Sources */,
				E5996544222A0B3000BAA33C /* BookSearchResultCell.swift in Sources */,
				E554D415211F33BC00F32AF9 /* FiltersViewController.swift in Sources */,
				E554D412211F17C200F32AF9 /* Tags.swift in Sources */,
				E5B195C9212B14E700A9901C /* UIViewExtensions.swift in Sources */,
				E554D40A211C9E3100F32AF9 /* QuoteService.swift in Sources */,
				E50C0AD922A8762300B2305E /* UIColorExtensions.swift in Sources */,
				E5C5CCA2211C8E5D0010ACB0 /* AppDelegate.swift in Sources */,
				E57D4A5422A5D4E4007B93F1 /* ColourSelectionViewController.swift in Sources */,
				E554D410211EFBFE00F32AF9 /* PastelHelper.swift in Sources */,
				E5E525F22126060500EF1E1B /* UserCredentials.swift in Sources */,
				E5E525FA2126260600EF1E1B /* KeychainPasswordItem.swift in Sources */,
				E50ADDC3222B49B20037ACBD /* TextOnlyResultCell.swift in Sources */,
				E5818A072126C9DC0099BEAF /* Author.swift in Sources */,
				E5B195CD212CA49100A9901C /* StringExtensions.swift in Sources */,
				E59965402229DAEA00BAA33C /* BookSearchBox.swift in Sources */,
				E554D41C211F377B00F32AF9 /* ShelfCell.swift in Sources */,
				E5E525F42126065400EF1E1B /* KeychainError.swift in Sources */,
				E554D41E211F426C00F32AF9 /* FilterType.swift in Sources */,
			);
			runOnlyForDeploymentPostprocessing = 0;
		};
		E5C5CCAE211C8E600010ACB0 /* Sources */ = {
			isa = PBXSourcesBuildPhase;
			buildActionMask = 2147483647;
			files = (
				E5C5CCB7211C8E600010ACB0 /* GoodQuotesTests.swift in Sources */,
			);
			runOnlyForDeploymentPostprocessing = 0;
		};
/* End PBXSourcesBuildPhase section */

/* Begin PBXTargetDependency section */
		E5C5CCB4211C8E600010ACB0 /* PBXTargetDependency */ = {
			isa = PBXTargetDependency;
			target = E5C5CC9D211C8E5D0010ACB0 /* GoodQuotes */;
			targetProxy = E5C5CCB3211C8E600010ACB0 /* PBXContainerItemProxy */;
		};
/* End PBXTargetDependency section */

/* Begin PBXVariantGroup section */
		E5C5CCA5211C8E5D0010ACB0 /* Main.storyboard */ = {
			isa = PBXVariantGroup;
			children = (
				E5C5CCA6211C8E5D0010ACB0 /* Base */,
			);
			name = Main.storyboard;
			sourceTree = "<group>";
		};
		E5C5CCAA211C8E600010ACB0 /* LaunchScreen.storyboard */ = {
			isa = PBXVariantGroup;
			children = (
				E5C5CCAB211C8E600010ACB0 /* Base */,
			);
			name = LaunchScreen.storyboard;
			sourceTree = "<group>";
		};
/* End PBXVariantGroup section */

/* Begin XCBuildConfiguration section */
		E5C5CCB9211C8E600010ACB0 /* Debug */ = {
			isa = XCBuildConfiguration;
			buildSettings = {
				ALWAYS_SEARCH_USER_PATHS = NO;
				CLANG_ANALYZER_NONNULL = YES;
				CLANG_ANALYZER_NUMBER_OBJECT_CONVERSION = YES_AGGRESSIVE;
				CLANG_CXX_LANGUAGE_STANDARD = "gnu++14";
				CLANG_CXX_LIBRARY = "libc++";
				CLANG_ENABLE_MODULES = YES;
				CLANG_ENABLE_OBJC_ARC = YES;
				CLANG_ENABLE_OBJC_WEAK = YES;
				CLANG_WARN_BLOCK_CAPTURE_AUTORELEASING = YES;
				CLANG_WARN_BOOL_CONVERSION = YES;
				CLANG_WARN_COMMA = YES;
				CLANG_WARN_CONSTANT_CONVERSION = YES;
				CLANG_WARN_DEPRECATED_OBJC_IMPLEMENTATIONS = YES;
				CLANG_WARN_DIRECT_OBJC_ISA_USAGE = YES_ERROR;
				CLANG_WARN_DOCUMENTATION_COMMENTS = YES;
				CLANG_WARN_EMPTY_BODY = YES;
				CLANG_WARN_ENUM_CONVERSION = YES;
				CLANG_WARN_INFINITE_RECURSION = YES;
				CLANG_WARN_INT_CONVERSION = YES;
				CLANG_WARN_NON_LITERAL_NULL_CONVERSION = YES;
				CLANG_WARN_OBJC_IMPLICIT_RETAIN_SELF = YES;
				CLANG_WARN_OBJC_LITERAL_CONVERSION = YES;
				CLANG_WARN_OBJC_ROOT_CLASS = YES_ERROR;
				CLANG_WARN_RANGE_LOOP_ANALYSIS = YES;
				CLANG_WARN_STRICT_PROTOTYPES = YES;
				CLANG_WARN_SUSPICIOUS_MOVE = YES;
				CLANG_WARN_UNGUARDED_AVAILABILITY = YES_AGGRESSIVE;
				CLANG_WARN_UNREACHABLE_CODE = YES;
				CLANG_WARN__DUPLICATE_METHOD_MATCH = YES;
				CODE_SIGN_IDENTITY = "iPhone Developer";
				COPY_PHASE_STRIP = NO;
				DEBUG_INFORMATION_FORMAT = dwarf;
				ENABLE_STRICT_OBJC_MSGSEND = YES;
				ENABLE_TESTABILITY = YES;
				GCC_C_LANGUAGE_STANDARD = gnu11;
				GCC_DYNAMIC_NO_PIC = NO;
				GCC_NO_COMMON_BLOCKS = YES;
				GCC_OPTIMIZATION_LEVEL = 0;
				GCC_PREPROCESSOR_DEFINITIONS = (
					"DEBUG=1",
					"$(inherited)",
				);
				GCC_WARN_64_TO_32_BIT_CONVERSION = YES;
				GCC_WARN_ABOUT_RETURN_TYPE = YES_ERROR;
				GCC_WARN_UNDECLARED_SELECTOR = YES;
				GCC_WARN_UNINITIALIZED_AUTOS = YES_AGGRESSIVE;
				GCC_WARN_UNUSED_FUNCTION = YES;
				GCC_WARN_UNUSED_VARIABLE = YES;
				IPHONEOS_DEPLOYMENT_TARGET = 11.4;
				MTL_ENABLE_DEBUG_INFO = YES;
				ONLY_ACTIVE_ARCH = YES;
				SDKROOT = iphoneos;
				SWIFT_ACTIVE_COMPILATION_CONDITIONS = DEBUG;
				SWIFT_OPTIMIZATION_LEVEL = "-Onone";
			};
			name = Debug;
		};
		E5C5CCBA211C8E600010ACB0 /* Release */ = {
			isa = XCBuildConfiguration;
			buildSettings = {
				ALWAYS_SEARCH_USER_PATHS = NO;
				CLANG_ANALYZER_NONNULL = YES;
				CLANG_ANALYZER_NUMBER_OBJECT_CONVERSION = YES_AGGRESSIVE;
				CLANG_CXX_LANGUAGE_STANDARD = "gnu++14";
				CLANG_CXX_LIBRARY = "libc++";
				CLANG_ENABLE_MODULES = YES;
				CLANG_ENABLE_OBJC_ARC = YES;
				CLANG_ENABLE_OBJC_WEAK = YES;
				CLANG_WARN_BLOCK_CAPTURE_AUTORELEASING = YES;
				CLANG_WARN_BOOL_CONVERSION = YES;
				CLANG_WARN_COMMA = YES;
				CLANG_WARN_CONSTANT_CONVERSION = YES;
				CLANG_WARN_DEPRECATED_OBJC_IMPLEMENTATIONS = YES;
				CLANG_WARN_DIRECT_OBJC_ISA_USAGE = YES_ERROR;
				CLANG_WARN_DOCUMENTATION_COMMENTS = YES;
				CLANG_WARN_EMPTY_BODY = YES;
				CLANG_WARN_ENUM_CONVERSION = YES;
				CLANG_WARN_INFINITE_RECURSION = YES;
				CLANG_WARN_INT_CONVERSION = YES;
				CLANG_WARN_NON_LITERAL_NULL_CONVERSION = YES;
				CLANG_WARN_OBJC_IMPLICIT_RETAIN_SELF = YES;
				CLANG_WARN_OBJC_LITERAL_CONVERSION = YES;
				CLANG_WARN_OBJC_ROOT_CLASS = YES_ERROR;
				CLANG_WARN_RANGE_LOOP_ANALYSIS = YES;
				CLANG_WARN_STRICT_PROTOTYPES = YES;
				CLANG_WARN_SUSPICIOUS_MOVE = YES;
				CLANG_WARN_UNGUARDED_AVAILABILITY = YES_AGGRESSIVE;
				CLANG_WARN_UNREACHABLE_CODE = YES;
				CLANG_WARN__DUPLICATE_METHOD_MATCH = YES;
				CODE_SIGN_IDENTITY = "iPhone Developer";
				COPY_PHASE_STRIP = NO;
				DEBUG_INFORMATION_FORMAT = "dwarf-with-dsym";
				ENABLE_NS_ASSERTIONS = NO;
				ENABLE_STRICT_OBJC_MSGSEND = YES;
				GCC_C_LANGUAGE_STANDARD = gnu11;
				GCC_NO_COMMON_BLOCKS = YES;
				GCC_WARN_64_TO_32_BIT_CONVERSION = YES;
				GCC_WARN_ABOUT_RETURN_TYPE = YES_ERROR;
				GCC_WARN_UNDECLARED_SELECTOR = YES;
				GCC_WARN_UNINITIALIZED_AUTOS = YES_AGGRESSIVE;
				GCC_WARN_UNUSED_FUNCTION = YES;
				GCC_WARN_UNUSED_VARIABLE = YES;
				IPHONEOS_DEPLOYMENT_TARGET = 11.4;
				MTL_ENABLE_DEBUG_INFO = NO;
				SDKROOT = iphoneos;
				SWIFT_COMPILATION_MODE = wholemodule;
				SWIFT_OPTIMIZATION_LEVEL = "-O";
				VALIDATE_PRODUCT = YES;
			};
			name = Release;
		};
		E5C5CCBC211C8E600010ACB0 /* Debug */ = {
			isa = XCBuildConfiguration;
			baseConfigurationReference = AC0E28153F7504ED9B61A988 /* Pods-GoodQuotes.debug.xcconfig */;
			buildSettings = {
				ASSETCATALOG_COMPILER_APPICON_NAME = AppIcon;
				CODE_SIGN_STYLE = Automatic;
				CURRENT_PROJECT_VERSION = 1;
				DEVELOPMENT_TEAM = VNFZ3Q6QAX;
				INFOPLIST_FILE = GoodQuotes/Info.plist;
				IPHONEOS_DEPLOYMENT_TARGET = 13.0;
				LD_RUNPATH_SEARCH_PATHS = (
					"$(inherited)",
					"@executable_path/Frameworks",
				);
				MARKETING_VERSION = 1.4.2;
				PRODUCT_BUNDLE_IDENTIFIER = com.protome.GoodQuotes;
				PRODUCT_NAME = "$(TARGET_NAME)";
				SWIFT_VERSION = 5.0;
				TARGETED_DEVICE_FAMILY = 1;
			};
			name = Debug;
		};
		E5C5CCBD211C8E600010ACB0 /* Release */ = {
			isa = XCBuildConfiguration;
			baseConfigurationReference = 20B20ECBD04CA8B77E56FE71 /* Pods-GoodQuotes.release.xcconfig */;
			buildSettings = {
				ASSETCATALOG_COMPILER_APPICON_NAME = AppIcon;
				CODE_SIGN_STYLE = Automatic;
				CURRENT_PROJECT_VERSION = 1;
				DEVELOPMENT_TEAM = VNFZ3Q6QAX;
				INFOPLIST_FILE = GoodQuotes/Info.plist;
				IPHONEOS_DEPLOYMENT_TARGET = 13.0;
				LD_RUNPATH_SEARCH_PATHS = (
					"$(inherited)",
					"@executable_path/Frameworks",
				);
				MARKETING_VERSION = 1.4.2;
				PRODUCT_BUNDLE_IDENTIFIER = com.protome.GoodQuotes;
				PRODUCT_NAME = "$(TARGET_NAME)";
				SWIFT_VERSION = 5.0;
				TARGETED_DEVICE_FAMILY = 1;
			};
			name = Release;
		};
		E5C5CCBF211C8E600010ACB0 /* Debug */ = {
			isa = XCBuildConfiguration;
			buildSettings = {
				ALWAYS_EMBED_SWIFT_STANDARD_LIBRARIES = YES;
				BUNDLE_LOADER = "$(TEST_HOST)";
				CODE_SIGN_STYLE = Automatic;
				DEVELOPMENT_TEAM = VNFZ3Q6QAX;
				INFOPLIST_FILE = GoodQuotesTests/Info.plist;
				LD_RUNPATH_SEARCH_PATHS = (
					"$(inherited)",
					"@executable_path/Frameworks",
					"@loader_path/Frameworks",
				);
				PRODUCT_BUNDLE_IDENTIFIER = com.protome.GoodQuotesTests;
				PRODUCT_NAME = "$(TARGET_NAME)";
				SWIFT_VERSION = 5.0;
				TARGETED_DEVICE_FAMILY = "1,2";
				TEST_HOST = "$(BUILT_PRODUCTS_DIR)/GoodQuotes.app/GoodQuotes";
			};
			name = Debug;
		};
		E5C5CCC0211C8E600010ACB0 /* Release */ = {
			isa = XCBuildConfiguration;
			buildSettings = {
				ALWAYS_EMBED_SWIFT_STANDARD_LIBRARIES = YES;
				BUNDLE_LOADER = "$(TEST_HOST)";
				CODE_SIGN_STYLE = Automatic;
				DEVELOPMENT_TEAM = VNFZ3Q6QAX;
				INFOPLIST_FILE = GoodQuotesTests/Info.plist;
				LD_RUNPATH_SEARCH_PATHS = (
					"$(inherited)",
					"@executable_path/Frameworks",
					"@loader_path/Frameworks",
				);
				PRODUCT_BUNDLE_IDENTIFIER = com.protome.GoodQuotesTests;
				PRODUCT_NAME = "$(TARGET_NAME)";
				SWIFT_VERSION = 5.0;
				TARGETED_DEVICE_FAMILY = "1,2";
				TEST_HOST = "$(BUILT_PRODUCTS_DIR)/GoodQuotes.app/GoodQuotes";
			};
			name = Release;
		};
/* End XCBuildConfiguration section */

/* Begin XCConfigurationList section */
		E5C5CC99211C8E5D0010ACB0 /* Build configuration list for PBXProject "GoodQuotes" */ = {
			isa = XCConfigurationList;
			buildConfigurations = (
				E5C5CCB9211C8E600010ACB0 /* Debug */,
				E5C5CCBA211C8E600010ACB0 /* Release */,
			);
			defaultConfigurationIsVisible = 0;
			defaultConfigurationName = Release;
		};
		E5C5CCBB211C8E600010ACB0 /* Build configuration list for PBXNativeTarget "GoodQuotes" */ = {
			isa = XCConfigurationList;
			buildConfigurations = (
				E5C5CCBC211C8E600010ACB0 /* Debug */,
				E5C5CCBD211C8E600010ACB0 /* Release */,
			);
			defaultConfigurationIsVisible = 0;
			defaultConfigurationName = Release;
		};
		E5C5CCBE211C8E600010ACB0 /* Build configuration list for PBXNativeTarget "GoodQuotesTests" */ = {
			isa = XCConfigurationList;
			buildConfigurations = (
				E5C5CCBF211C8E600010ACB0 /* Debug */,
				E5C5CCC0211C8E600010ACB0 /* Release */,
			);
			defaultConfigurationIsVisible = 0;
			defaultConfigurationName = Release;
		};
/* End XCConfigurationList section */
	};
	rootObject = E5C5CC96211C8E5D0010ACB0 /* Project object */;
}
