{
  "pins" : [
    {
      "identity" : "alamofire",
      "kind" : "remoteSourceControl",
      "location" : "https://github.com/Alamofire/Alamofire.git",
      "state" : {
        "revision" : "78424be314842833c04bc3bef5b72e85fff99204",
        "version" : "5.6.4"
      }
    },
    {
      "identity" : "alamofireimage",
      "kind" : "remoteSourceControl",
      "location" : "https://github.com/Alamofire/AlamofireImage.git",
      "state" : {
        "revision" : "98cbb00ce0ec5fc8e52a5b50a6bfc08d3e5aee10",
        "version" : "4.2.0"
      }
    },
    {
      "identity" : "brightfutures",
      "kind" : "remoteSourceControl",
      "location" : "https://github.com/Thomvis/BrightFutures.git",
      "state" : {
        "revision" : "fa66fa183dce7196d431244d0215748cd14c5758",
        "version" : "8.2.0"
      }
    },
    {
      "identity" : "erik",
      "kind" : "remoteSourceControl",
      "location" : "https://github.com/phimage/Erik.git",
      "state" : {
        "revision" : "109a130e9cdb00789a43a7a625293eeb12d22989",
        "version" : "5.1.0"
      }
    },
    {
      "identity" : "filekit",
      "kind" : "remoteSourceControl",
      "location" : "https://github.com/nvzqz/FileKit.git",
      "state" : {
        "revision" : "9006d2888025fbe893c3c396327b2fe45a8c177b",
        "version" : "6.1.0"
      }
    },
    {
      "identity" : "kanna",
      "kind" : "remoteSourceControl",
      "location" : "https://github.com/tid-kijyun/Kanna.git",
      "state" : {
        "revision" : "f9e4922223dd0d3dfbf02ca70812cf5531fc0593",
        "version" : "5.2.7"
      }
    },
    {
      "identity" : "mockingbird",
      "kind" : "remoteSourceControl",
      "location" : "https://github.com/birdrides/mockingbird.git",
      "state" : {
        "revision" : "6e0d473df6b975719e145f6aebf90990c634700e",
        "version" : "0.20.0"
      }
    },
    {
      "identity" : "oauthswift",
      "kind" : "remoteSourceControl",
      "location" : "https://github.com/OAuthSwift/OAuthSwift.git",
      "state" : {
        "revision" : "d85964b96dbce94df961f28b996187c835089903",
        "version" : "2.2.0"
      }
    },
    {
      "identity" : "swifter",
      "kind" : "remoteSourceControl",
      "location" : "https://github.com/httpswift/swifter.git",
      "state" : {
        "revision" : "9483a5d459b45c3ffd059f7b55f9638e268632fd",
        "version" : "1.5.0"
      }
    },
    {
      "identity" : "swiftyjson",
      "kind" : "remoteSourceControl",
      "location" : "https://github.com/SwiftyJSON/SwiftyJSON.git",
      "state" : {
        "revision" : "b3dcd7dbd0d488e1a7077cb33b00f2083e382f07",
        "version" : "5.0.1"
      }
    },
    {
      "identity" : "swiftyxmlparser",
      "kind" : "remoteSourceControl",
      "location" : "https://github.com/yahoojapan/SwiftyXMLParser.git",
      "state" : {
        "revision" : "d7a1d23f04c86c1cd2e8f19247dd15d74e0ea8be",
        "version" : "5.6.0"
      }
    },
    {
      "identity" : "swinject",
      "kind" : "remoteSourceControl",
      "location" : "https://github.com/Swinject/Swinject.git",
      "state" : {
        "revision" : "8bc503e60965298984fb58cf47b71c541449fe2a",
        "version" : "2.8.3"
      }
    },
    {
      "identity" : "swinjectstoryboard",
      "kind" : "remoteSourceControl",
      "location" : "https://github.com/Swinject/SwinjectStoryboard.git",
      "state" : {
        "revision" : "a39bd7abe7e7427f9a0929a402cf2d1916fa5d50",
        "version" : "2.2.2"
      }
    }
  ],
  "version" : 2
}
